<?xml version="1.0" encoding="utf-8"?>
<Project ToolsVersion="4.0" xmlns="http://schemas.microsoft.com/developer/msbuild/2003">
  <ItemGroup>
    <Filter Include="Sources">
      <UniqueIdentifier>{f5a0837f-8e1d-4e17-bb87-ac5a19eca708}</UniqueIdentifier>
    </Filter>
    <Filter Include="Headers">
      <UniqueIdentifier>{ccb2fe0e-527b-4580-9bd4-084a6a275338}</UniqueIdentifier>
    </Filter>
    <Filter Include="Utils">
      <UniqueIdentifier>{7bbf22de-7372-4ef6-a425-6eeda7191488}</UniqueIdentifier>
    </Filter>
  </ItemGroup>
  <ItemGroup>
    <ClCompile Include="FlatWM.cpp">
      <Filter>Sources</Filter>
    </ClCompile>
    <ClCompile Include="Main.cpp">
      <Filter>Sources</Filter>
    </ClCompile>
  </ItemGroup>
  <ItemGroup>
    <ClInclude Include="FlatWM.h">
      <Filter>Headers</Filter>
    </ClInclude>
    <ClInclude Include="SimpleDeletor.h">
      <Filter>Utils</Filter>
    </ClInclude>
    <ClInclude Include="Fetcher.hpp">
      <Filter>Utils</Filter>
    </ClInclude>
    <ClInclude Include="Utils.h">
      <Filter>Utils</Filter>
    </ClInclude>
    <ClInclude Include="Desktop.h">
      <Filter>Headers</Filter>
    </ClInclude>
  </ItemGroup>
</Project>